
Microsoft Visual Studio Solution File, Format Version 12.00
# Visual Studio Version 17
VisualStudioVersion = 17.9.34607.119
MinimumVisualStudioVersion = 10.0.40219.1
Project("{FAE04EC0-301F-11D3-BF4B-00C04F79EFBC}") = "UrlShortener", "UrlShortener\UrlShortener.csproj", "{09879EC4-B6C5-4A2C-89E0-6DB76F8C5EB4}"
EndProject
Global
	GlobalSection(SolutionConfigurationPlatforms) = preSolution
		Debug|Any CPU = Debug|Any CPU
		Release|Any CPU = Release|Any CPU
	EndGlobalSection
	GlobalSection(ProjectConfigurationPlatforms) = postSolution
		{09879EC4-B6C5-4A2C-89E0-6DB76F8C5EB4}.Debug|Any CPU.ActiveCfg = Debug|Any CPU
		{09879EC4-B6C5-4A2C-89E0-6DB76F8C5EB4}.Debug|Any CPU.Build.0 = Debug|Any CPU
		{09879EC4-B6C5-4A2C-89E0-6DB76F8C5EB4}.Release|Any CPU.ActiveCfg = Release|Any CPU
		{09879EC4-B6C5-4A2C-89E0-6DB76F8C5EB4}.Release|Any CPU.Build.0 = Release|Any CPU
	EndGlobalSection
	GlobalSection(SolutionProperties) = preSolution
		HideSolutionNode = FALSE
	EndGlobalSection
	GlobalSection(ExtensibilityGlobals) = postSolution
		SolutionGuid = {99BE0E51-57A3-403B-B8F5-5F20541FCFBF}
	EndGlobalSection
EndGlobal
